{
  "name": "dabih",
  "lockfileVersion": 3,
  "requires": true,
  "packages": {
    "": {
      "dependencies": {
        "@swc/core": "^1.13.1"
      }
    },
    "node_modules/@swc/core": {
      "version": "1.13.1",
      "resolved": "https://registry.npmjs.org/@swc/core/-/core-1.13.1.tgz",
      "integrity": "sha512-jEKKErLC6uwSqA+p6bmZR08usZM5Fpc+HdEu5CAzvye0q43yf1si1kjhHEa9XMkz0A2SAaal3eKCg/YYmtOsCA==",
      "hasInstallScript": true,
      "license": "Apache-2.0",
      "dependencies": {
        "@swc/counter": "^0.1.3",
        "@swc/types": "^0.1.23"
      },
      "engines": {
        "node": ">=10"
      },
      "funding": {
        "type": "opencollective",
        "url": "https://opencollective.com/swc"
      },
      "optionalDependencies": {
        "@swc/core-darwin-arm64": "1.13.1",
        "@swc/core-darwin-x64": "1.13.1",
        "@swc/core-linux-arm-gnueabihf": "1.13.1",
        "@swc/core-linux-arm64-gnu": "1.13.1",
        "@swc/core-linux-arm64-musl": "1.13.1",
        "@swc/core-linux-x64-gnu": "1.13.1",
        "@swc/core-linux-x64-musl": "1.13.1",
        "@swc/core-win32-arm64-msvc": "1.13.1",
        "@swc/core-win32-ia32-msvc": "1.13.1",
        "@swc/core-win32-x64-msvc": "1.13.1"
      },
      "peerDependencies": {
        "@swc/helpers": ">=0.5.17"
      },
      "peerDependenciesMeta": {
        "@swc/helpers": {
          "optional": true
        }
      }
    },
    "node_modules/@swc/core-darwin-arm64": {
      "version": "1.13.1",
      "resolved": "https://registry.npmjs.org/@swc/core-darwin-arm64/-/core-darwin-arm64-1.13.1.tgz",
      "integrity": "sha512-zO6SW/jSMTUORPm6dUZFPUwf+EFWZsaXWMGXadRG6akCofYpoQb8pcY2QZkVr43z8TMka6BtXpyoD/DJ0iOPHQ==",
      "cpu": [
        "arm64"
      ],
      "license": "Apache-2.0 AND MIT",
      "optional": true,
      "os": [
        "darwin"
      ],
      "engines": {
        "node": ">=10"
      }
    },
    "node_modules/@swc/core-darwin-x64": {
      "version": "1.13.1",
      "resolved": "https://registry.npmjs.org/@swc/core-darwin-x64/-/core-darwin-x64-1.13.1.tgz",
      "integrity": "sha512-8RjaTZYxrlYKE5PgzZYWSOT4mAsyhIuh30Nu4dnn/2r0Ef68iNCbvX4ynGnFMhOIhqunjQbJf+mJKpwTwdHXhw==",
      "cpu": [
        "x64"
      ],
      "license": "Apache-2.0 AND MIT",
      "optional": true,
      "os": [
        "darwin"
      ],
      "engines": {
        "node": ">=10"
      }
    },
    "node_modules/@swc/core-linux-arm-gnueabihf": {
      "version": "1.13.1",
      "resolved": "https://registry.npmjs.org/@swc/core-linux-arm-gnueabihf/-/core-linux-arm-gnueabihf-1.13.1.tgz",
      "integrity": "sha512-jEqK6pECs2m4BpL2JA/4CCkq04p6iFOEtVNXTisO+lJ3zwmxlnIEm9UfJZG6VSu8GS9MHRKGB0ieZ1tEdN1qDA==",
      "cpu": [
        "arm"
      ],
      "license": "Apache-2.0",
      "optional": true,
      "os": [
        "linux"
      ],
      "engines": {
        "node": ">=10"
      }
    },
    "node_modules/@swc/core-linux-arm64-gnu": {
      "version": "1.13.1",
      "resolved": "https://registry.npmjs.org/@swc/core-linux-arm64-gnu/-/core-linux-arm64-gnu-1.13.1.tgz",
      "integrity": "sha512-PbkuIOYXO/gQbWQ7NnYIwm59ygNqmUcF8LBeoKvxhx1VtOwE+9KiTfoplOikkPLhMiTzKsd8qentTslbITIg+Q==",
      "cpu": [
        "arm64"
      ],
      "license": "Apache-2.0 AND MIT",
      "optional": true,
      "os": [
        "linux"
      ],
      "engines": {
        "node": ">=10"
      }
    },
    "node_modules/@swc/core-linux-arm64-musl": {
      "version": "1.13.1",
      "resolved": "https://registry.npmjs.org/@swc/core-linux-arm64-musl/-/core-linux-arm64-musl-1.13.1.tgz",
      "integrity": "sha512-JaqFdBCarIBKiMu5bbAp+kWPMNGg97ej+7KzbKOzWP5pRptqKi86kCDZT3WmjPe8hNG6dvBwbm7Y8JNry5LebQ==",
      "cpu": [
        "arm64"
      ],
      "license": "Apache-2.0 AND MIT",
      "optional": true,
      "os": [
        "linux"
      ],
      "engines": {
        "node": ">=10"
      }
    },
    "node_modules/@swc/core-linux-x64-gnu": {
      "version": "1.13.1",
      "resolved": "https://registry.npmjs.org/@swc/core-linux-x64-gnu/-/core-linux-x64-gnu-1.13.1.tgz",
      "integrity": "sha512-t4cLkku10YECDaakWUH0452WJHIZtrLPRwezt6BdoMntVMwNjvXRX7C8bGuYcKC3YxRW7enZKFpozLhQIQ37oA==",
      "cpu": [
        "x64"
      ],
      "license": "Apache-2.0 AND MIT",
      "optional": true,
      "os": [
        "linux"
      ],
      "engines": {
        "node": ">=10"
      }
    },
    "node_modules/@swc/core-linux-x64-musl": {
      "version": "1.13.1",
      "resolved": "https://registry.npmjs.org/@swc/core-linux-x64-musl/-/core-linux-x64-musl-1.13.1.tgz",
      "integrity": "sha512-fSMwZOaG+3ukUucbEbzz9GhzGhUhXoCPqHe9qW0/Vc2IZRp538xalygKyZynYweH5d9EHux1aj3+IO8/xBaoiA==",
      "cpu": [
        "x64"
      ],
      "license": "Apache-2.0 AND MIT",
      "optional": true,
      "os": [
        "linux"
      ],
      "engines": {
        "node": ">=10"
      }
    },
    "node_modules/@swc/core-win32-arm64-msvc": {
      "version": "1.13.1",
      "resolved": "https://registry.npmjs.org/@swc/core-win32-arm64-msvc/-/core-win32-arm64-msvc-1.13.1.tgz",
      "integrity": "sha512-tweCXK/79vAwj1NhAsYgICy8T1z2QEairmN2BFEBYFBFNMEB1iI1YlXwBkBtuihRvgZrTh1ORusKa4jLYzLCZA==",
      "cpu": [
        "arm64"
      ],
      "license": "Apache-2.0 AND MIT",
      "optional": true,
      "os": [
        "win32"
      ],
      "engines": {
        "node": ">=10"
      }
    },
    "node_modules/@swc/core-win32-ia32-msvc": {
      "version": "1.13.1",
      "resolved": "https://registry.npmjs.org/@swc/core-win32-ia32-msvc/-/core-win32-ia32-msvc-1.13.1.tgz",
      "integrity": "sha512-zi7hO9D+2R2yQN9D7T10/CAI9KhuXkNkz8tcJOW6+dVPtAk/gsIC5NoGPELjgrAlLL9CS38ZQpLDslLfpP15ng==",
      "cpu": [
        "ia32"
      ],
      "license": "Apache-2.0 AND MIT",
      "optional": true,
      "os": [
        "win32"
      ],
      "engines": {
        "node": ">=10"
      }
    },
    "node_modules/@swc/core-win32-x64-msvc": {
      "version": "1.13.1",
      "resolved": "https://registry.npmjs.org/@swc/core-win32-x64-msvc/-/core-win32-x64-msvc-1.13.1.tgz",
      "integrity": "sha512-KubYjzqs/nz3H69ncX/XHKsC8c1xqc7UvonQAj26BhbL22HBsqdAaVutZ+Obho6RMpd3F5qQ95ldavUTWskRrw==",
      "cpu": [
        "x64"
      ],
      "license": "Apache-2.0 AND MIT",
      "optional": true,
      "os": [
        "win32"
      ],
      "engines": {
        "node": ">=10"
      }
    },
    "node_modules/@swc/counter": {
      "version": "0.1.3",
      "resolved": "https://registry.npmjs.org/@swc/counter/-/counter-0.1.3.tgz",
      "integrity": "sha512-e2BR4lsJkkRlKZ/qCHPw9ZaSxc0MVUd7gtbtaB7aMvHeJVYe8sOB8DBZkP2DtISHGSku9sCK6T6cnY0CtXrOCQ==",
      "license": "Apache-2.0"
    },
    "node_modules/@swc/types": {
      "version": "0.1.23",
      "resolved": "https://registry.npmjs.org/@swc/types/-/types-0.1.23.tgz",
      "integrity": "sha512-u1iIVZV9Q0jxY+yM2vw/hZGDNudsN85bBpTqzAQ9rzkxW9D+e3aEM4Han+ow518gSewkXgjmEK0BD79ZcNVgPw==",
      "license": "Apache-2.0",
      "dependencies": {
        "@swc/counter": "^0.1.3"
      }
    }
  }
}
